// !$*UTF8*$!
{
	archiveVersion = 1;
	classes = {
	};
	objectVersion = 56;
	objects = {

/* Begin PBXBuildFile section */
		5D81AA46297B0F1A00B21C87 /* main.swift in Sources */ = {isa = PBXBuildFile; fileRef = 5D81AA45297B0F1A00B21C87 /* main.swift */; };
		5D81AA52297B0F2700B21C87 /* magic.swift in Sources */ = {isa = PBXBuildFile; fileRef = 5D81AA4C297B0F2600B21C87 /* magic.swift */; };
		5D81AA53297B0F2700B21C87 /* ifelse.swift in Sources */ = {isa = PBXBuildFile; fileRef = 5D81AA4D297B0F2600B21C87 /* ifelse.swift */; };
/* End PBXBuildFile section */

/* Begin PBXCopyFilesBuildPhase section */
		5D81AA40297B0F1A00B21C87 /* CopyFiles */ = {
			isa = PBXCopyFilesBuildPhase;
			buildActionMask = 2147483647;
			dstPath = /usr/share/man/man1/;
			dstSubfolderSpec = 0;
			files = (
			);
			runOnlyForDeploymentPostprocessing = 1;
		};
/* End PBXCopyFilesBuildPhase section */

/* Begin PBXFileReference section */
		5D81AA42297B0F1A00B21C87 /* SIL&LLVM-Tests */ = {isa = PBXFileReference; explicitFileType = "compiled.mach-o.executable"; includeInIndex = 0; path = "SIL&LLVM-Tests"; sourceTree = BUILT_PRODUCTS_DIR; };
		5D81AA45297B0F1A00B21C87 /* main.swift */ = {isa = PBXFileReference; lastKnownFileType = sourcecode.swift; path = main.swift; sourceTree = "<group>"; };
		5D81AA4C297B0F2600B21C87 /* magic.swift */ = {isa = PBXFileReference; fileEncoding = 4; lastKnownFileType = sourcecode.swift; path = magic.swift; sourceTree = "<group>"; };
		5D81AA4D297B0F2600B21C87 /* ifelse.swift */ = {isa = PBXFileReference; fileEncoding = 4; lastKnownFileType = sourcecode.swift; path = ifelse.swift; sourceTree = "<group>"; };
		5D81AA4E297B0F2700B21C87 /* ifelse.am */ = {isa = PBXFileReference; fileEncoding = 4; lastKnownFileType = text; path = ifelse.am; sourceTree = "<group>"; };
		5D81AA4F297B0F2700B21C87 /* magic.rawsil */ = {isa = PBXFileReference; fileEncoding = 4; lastKnownFileType = text; path = magic.rawsil; sourceTree = "<group>"; };
		5D81AA50297B0F2700B21C87 /* ifelse.playground */ = {isa = PBXFileReference; lastKnownFileType = file.playground; path = ifelse.playground; sourceTree = "<group>"; xcLanguageSpecificationIdentifier = xcode.lang.swift; };
		5D81AA51297B0F2700B21C87 /* magic.sil */ = {isa = PBXFileReference; fileEncoding = 4; lastKnownFileType = text; path = magic.sil; sourceTree = "<group>"; };
		5D81AA54297B0F3800B21C87 /* README.md */ = {isa = PBXFileReference; lastKnownFileType = net.daringfireball.markdown; path = README.md; sourceTree = "<group>"; };
/* End PBXFileReference section */

/* Begin PBXFrameworksBuildPhase section */
		5D81AA3F297B0F1A00B21C87 /* Frameworks */ = {
			isa = PBXFrameworksBuildPhase;
			buildActionMask = 2147483647;
			files = (
			);
			runOnlyForDeploymentPostprocessing = 0;
		};
/* End PBXFrameworksBuildPhase section */

/* Begin PBXGroup section */
		5D81AA39297B0F1A00B21C87 = {
			isa = PBXGroup;
			children = (
				5D81AA54297B0F3800B21C87 /* README.md */,
				5D81AA44297B0F1A00B21C87 /* SIL&LLVM-Tests */,
				5D81AA43297B0F1A00B21C87 /* Products */,
			);
			sourceTree = "<group>";
		};
		5D81AA43297B0F1A00B21C87 /* Products */ = {
			isa = PBXGroup;
			children = (
				5D81AA42297B0F1A00B21C87 /* SIL&LLVM-Tests */,
			);
			name = Products;
			sourceTree = "<group>";
		};
		5D81AA44297B0F1A00B21C87 /* SIL&LLVM-Tests */ = {
			isa = PBXGroup;
			children = (
				5D81AA55297B0F9700B21C87 /* Playground Sample */,
				5D81AA4E297B0F2700B21C87 /* ifelse.am */,
				5D81AA4D297B0F2600B21C87 /* ifelse.swift */,
				5D81AA4F297B0F2700B21C87 /* magic.rawsil */,
				5D81AA51297B0F2700B21C87 /* magic.sil */,
				5D81AA4C297B0F2600B21C87 /* magic.swift */,
				5D81AA45297B0F1A00B21C87 /* main.swift */,
			);
			path = "SIL&LLVM-Tests";
			sourceTree = "<group>";
		};
		5D81AA55297B0F9700B21C87 /* Playground Sample */ = {
			isa = PBXGroup;
			children = (
				5D81AA50297B0F2700B21C87 /* ifelse.playground */,
			);
			path = "Playground Sample";
			sourceTree = "<group>";
		};
/* End PBXGroup section */

/* Begin PBXNativeTarget section */
		5D81AA41297B0F1A00B21C87 /* SIL&LLVM-Tests */ = {
			isa = PBXNativeTarget;
			buildConfigurationList = 5D81AA49297B0F1A00B21C87 /* Build configuration list for PBXNativeTarget "SIL&LLVM-Tests" */;
			buildPhases = (
				5D81AA3E297B0F1A00B21C87 /* Sources */,
				5D81AA3F297B0F1A00B21C87 /* Frameworks */,
				5D81AA40297B0F1A00B21C87 /* CopyFiles */,
			);
			buildRules = (
			);
			dependencies = (
			);
			name = "SIL&LLVM-Tests";
			productName = "SIL&LLVM-Tests";
			productReference = 5D81AA42297B0F1A00B21C87 /* SIL&LLVM-Tests */;
			productType = "com.apple.product-type.tool";
		};
/* End PBXNativeTarget section */

/* Begin PBXProject section */
		5D81AA3A297B0F1A00B21C87 /* Project object */ = {
			isa = PBXProject;
			attributes = {
				BuildIndependentTargetsInParallel = 1;
				LastSwiftUpdateCheck = 1410;
				LastUpgradeCheck = 1410;
				TargetAttributes = {
					5D81AA41297B0F1A00B21C87 = {
						CreatedOnToolsVersion = 14.1;
					};
				};
			};
			buildConfigurationList = 5D81AA3D297B0F1A00B21C87 /* Build configuration list for PBXProject "SIL&LLVM-Tests" */;
			compatibilityVersion = "Xcode 14.0";
			developmentRegion = en;
			hasScannedForEncodings = 0;
			knownRegions = (
				en,
				Base,
			);
			mainGroup = 5D81AA39297B0F1A00B21C87;
			productRefGroup = 5D81AA43297B0F1A00B21C87 /* Products */;
			projectDirPath = "";
			projectRoot = "";
			targets = (
				5D81AA41297B0F1A00B21C87 /* SIL&LLVM-Tests */,
			);
		};
/* End PBXProject section */

/* Begin PBXSourcesBuildPhase section */
		5D81AA3E297B0F1A00B21C87 /* Sources */ = {
			isa = PBXSourcesBuildPhase;
			buildActionMask = 2147483647;
			files = (
				5D81AA46297B0F1A00B21C87 /* main.swift in Sources */,
				5D81AA53297B0F2700B21C87 /* ifelse.swift in Sources */,
				5D81AA52297B0F2700B21C87 /* magic.swift in Sources */,
			);
			runOnlyForDeploymentPostprocessing = 0;
		};
/* End PBXSourcesBuildPhase section */

/* Begin XCBuildConfiguration section */
		5D81AA47297B0F1A00B21C87 /* Debug */ = {
			isa = XCBuildConfiguration;
			buildSettings = {
				ALWAYS_SEARCH_USER_PATHS = NO;
				CLANG_ANALYZER_NONNULL = YES;
				CLANG_ANALYZER_NUMBER_OBJECT_CONVERSION = YES_AGGRESSIVE;
				CLANG_CXX_LANGUAGE_STANDARD = "gnu++20";
				CLANG_ENABLE_MODULES = YES;
				CLANG_ENABLE_OBJC_ARC = YES;
				CLANG_ENABLE_OBJC_WEAK = YES;
				CLANG_WARN_BLOCK_CAPTURE_AUTORELEASING = YES;
				CLANG_WARN_BOOL_CONVERSION = YES;
				CLANG_WARN_COMMA = YES;
				CLANG_WARN_CONSTANT_CONVERSION = YES;
				CLANG_WARN_DEPRECATED_OBJC_IMPLEMENTATIONS = YES;
				CLANG_WARN_DIRECT_OBJC_ISA_USAGE = YES_ERROR;
				CLANG_WARN_DOCUMENTATION_COMMENTS = YES;
				CLANG_WARN_EMPTY_BODY = YES;
				CLANG_WARN_ENUM_CONVERSION = YES;
				CLANG_WARN_INFINITE_RECURSION = YES;
				CLANG_WARN_INT_CONVERSION = YES;
				CLANG_WARN_NON_LITERAL_NULL_CONVERSION = YES;
				CLANG_WARN_OBJC_IMPLICIT_RETAIN_SELF = YES;
				CLANG_WARN_OBJC_LITERAL_CONVERSION = YES;
				CLANG_WARN_OBJC_ROOT_CLASS = YES_ERROR;
				CLANG_WARN_QUOTED_INCLUDE_IN_FRAMEWORK_HEADER = YES;
				CLANG_WARN_RANGE_LOOP_ANALYSIS = YES;
				CLANG_WARN_STRICT_PROTOTYPES = YES;
				CLANG_WARN_SUSPICIOUS_MOVE = YES;
				CLANG_WARN_UNGUARDED_AVAILABILITY = YES_AGGRESSIVE;
				CLANG_WARN_UNREACHABLE_CODE = YES;
				CLANG_WARN__DUPLICATE_METHOD_MATCH = YES;
				COPY_PHASE_STRIP = NO;
				DEBUG_INFORMATION_FORMAT = dwarf;
				ENABLE_STRICT_OBJC_MSGSEND = YES;
				ENABLE_TESTABILITY = YES;
				GCC_C_LANGUAGE_STANDARD = gnu11;
				GCC_DYNAMIC_NO_PIC = NO;
				GCC_NO_COMMON_BLOCKS = YES;
				GCC_OPTIMIZATION_LEVEL = 0;
				GCC_PREPROCESSOR_DEFINITIONS = (
					"DEBUG=1",
					"$(inherited)",
				);
				GCC_WARN_64_TO_32_BIT_CONVERSION = YES;
				GCC_WARN_ABOUT_RETURN_TYPE = YES_ERROR;
				GCC_WARN_UNDECLARED_SELECTOR = YES;
				GCC_WARN_UNINITIALIZED_AUTOS = YES_AGGRESSIVE;
				GCC_WARN_UNUSED_FUNCTION = YES;
				GCC_WARN_UNUSED_VARIABLE = YES;
				MACOSX_DEPLOYMENT_TARGET = 13.0;
				MTL_ENABLE_DEBUG_INFO = INCLUDE_SOURCE;
				MTL_FAST_MATH = YES;
				ONLY_ACTIVE_ARCH = YES;
				SDKROOT = macosx;
				SWIFT_ACTIVE_COMPILATION_CONDITIONS = DEBUG;
				SWIFT_OPTIMIZATION_LEVEL = "-Onone";
			};
			name = Debug;
		};
		5D81AA48297B0F1A00B21C87 /* Release */ = {
			isa = XCBuildConfiguration;
			buildSettings = {
				ALWAYS_SEARCH_USER_PATHS = NO;
				CLANG_ANALYZER_NONNULL = YES;
				CLANG_ANALYZER_NUMBER_OBJECT_CONVERSION = YES_AGGRESSIVE;
				CLANG_CXX_LANGUAGE_STANDARD = "gnu++20";
				CLANG_ENABLE_MODULES = YES;
				CLANG_ENABLE_OBJC_ARC = YES;
				CLANG_ENABLE_OBJC_WEAK = YES;
				CLANG_WARN_BLOCK_CAPTURE_AUTORELEASING = YES;
				CLANG_WARN_BOOL_CONVERSION = YES;
				CLANG_WARN_COMMA = YES;
				CLANG_WARN_CONSTANT_CONVERSION = YES;
				CLANG_WARN_DEPRECATED_OBJC_IMPLEMENTATIONS = YES;
				CLANG_WARN_DIRECT_OBJC_ISA_USAGE = YES_ERROR;
				CLANG_WARN_DOCUMENTATION_COMMENTS = YES;
				CLANG_WARN_EMPTY_BODY = YES;
				CLANG_WARN_ENUM_CONVERSION = YES;
				CLANG_WARN_INFINITE_RECURSION = YES;
				CLANG_WARN_INT_CONVERSION = YES;
				CLANG_WARN_NON_LITERAL_NULL_CONVERSION = YES;
				CLANG_WARN_OBJC_IMPLICIT_RETAIN_SELF = YES;
				CLANG_WARN_OBJC_LITERAL_CONVERSION = YES;
				CLANG_WARN_OBJC_ROOT_CLASS = YES_ERROR;
				CLANG_WARN_QUOTED_INCLUDE_IN_FRAMEWORK_HEADER = YES;
				CLANG_WARN_RANGE_LOOP_ANALYSIS = YES;
				CLANG_WARN_STRICT_PROTOTYPES = YES;
				CLANG_WARN_SUSPICIOUS_MOVE = YES;
				CLANG_WARN_UNGUARDED_AVAILABILITY = YES_AGGRESSIVE;
				CLANG_WARN_UNREACHABLE_CODE = YES;
				CLANG_WARN__DUPLICATE_METHOD_MATCH = YES;
				COPY_PHASE_STRIP = NO;
				DEBUG_INFORMATION_FORMAT = "dwarf-with-dsym";
				ENABLE_NS_ASSERTIONS = NO;
				ENABLE_STRICT_OBJC_MSGSEND = YES;
				GCC_C_LANGUAGE_STANDARD = gnu11;
				GCC_NO_COMMON_BLOCKS = YES;
				GCC_WARN_64_TO_32_BIT_CONVERSION = YES;
				GCC_WARN_ABOUT_RETURN_TYPE = YES_ERROR;
				GCC_WARN_UNDECLARED_SELECTOR = YES;
				GCC_WARN_UNINITIALIZED_AUTOS = YES_AGGRESSIVE;
				GCC_WARN_UNUSED_FUNCTION = YES;
				GCC_WARN_UNUSED_VARIABLE = YES;
				MACOSX_DEPLOYMENT_TARGET = 13.0;
				MTL_ENABLE_DEBUG_INFO = NO;
				MTL_FAST_MATH = YES;
				SDKROOT = macosx;
				SWIFT_COMPILATION_MODE = wholemodule;
				SWIFT_OPTIMIZATION_LEVEL = "-O";
			};
			name = Release;
		};
		5D81AA4A297B0F1A00B21C87 /* Debug */ = {
			isa = XCBuildConfiguration;
			buildSettings = {
				CODE_SIGN_STYLE = Automatic;
				DEVELOPMENT_TEAM = 7FCTC6DRE7;
				ENABLE_HARDENED_RUNTIME = YES;
				PRODUCT_NAME = "$(TARGET_NAME)";
				SWIFT_VERSION = 5.0;
			};
			name = Debug;
		};
		5D81AA4B297B0F1A00B21C87 /* Release */ = {
			isa = XCBuildConfiguration;
			buildSettings = {
				CODE_SIGN_STYLE = Automatic;
				DEVELOPMENT_TEAM = 7FCTC6DRE7;
				ENABLE_HARDENED_RUNTIME = YES;
				PRODUCT_NAME = "$(TARGET_NAME)";
				SWIFT_VERSION = 5.0;
			};
			name = Release;
		};
/* End XCBuildConfiguration section */

/* Begin XCConfigurationList section */
		5D81AA3D297B0F1A00B21C87 /* Build configuration list for PBXProject "SIL&LLVM-Tests" */ = {
			isa = XCConfigurationList;
			buildConfigurations = (
				5D81AA47297B0F1A00B21C87 /* Debug */,
				5D81AA48297B0F1A00B21C87 /* Release */,
			);
			defaultConfigurationIsVisible = 0;
			defaultConfigurationName = Release;
		};
		5D81AA49297B0F1A00B21C87 /* Build configuration list for PBXNativeTarget "SIL&LLVM-Tests" */ = {
			isa = XCConfigurationList;
			buildConfigurations = (
				5D81AA4A297B0F1A00B21C87 /* Debug */,
				5D81AA4B297B0F1A00B21C87 /* Release */,
			);
			defaultConfigurationIsVisible = 0;
			defaultConfigurationName = Release;
		};
/* End XCConfigurationList section */
	};
	rootObject = 5D81AA3A297B0F1A00B21C87 /* Project object */;
}
